
Microsoft Visual Studio Solution File, Format Version 12.00
# Visual Studio Version 16
VisualStudioVersion = 16.0.31005.135
MinimumVisualStudioVersion = 10.0.40219.1
Project("{9A19103F-16F7-4668-BE54-9A1E7A4F7556}") = "Cinema-scheduling", "Cinema-scheduling\Cinema-scheduling.csproj", "{3427D2C5-A6A7-4052-8895-07F74CEE117D}"
EndProject
Project("{9A19103F-16F7-4668-BE54-9A1E7A4F7556}") = "Cinema-scheduling.Tests", "Cinema-scheduling.Tests\Cinema-scheduling.Tests.csproj", "{BDA9FFEF-37C5-482D-B4A1-9E43074364D2}"
EndProject
Project("{FAE04EC0-301F-11D3-BF4B-00C04F79EFBC}") = "ConsoleApp1", "ConsoleApp1\ConsoleApp1.csproj", "{98637C9B-4D15-4461-9B93-CE684D223D0F}"
EndProject
Global
	GlobalSection(SolutionConfigurationPlatforms) = preSolution
		Debug|Any CPU = Debug|Any CPU
		Release|Any CPU = Release|Any CPU
	EndGlobalSection
	GlobalSection(ProjectConfigurationPlatforms) = postSolution
		{3427D2C5-A6A7-4052-8895-07F74CEE117D}.Debug|Any CPU.ActiveCfg = Debug|Any CPU
		{3427D2C5-A6A7-4052-8895-07F74CEE117D}.Debug|Any CPU.Build.0 = Debug|Any CPU
		{3427D2C5-A6A7-4052-8895-07F74CEE117D}.Release|Any CPU.ActiveCfg = Release|Any CPU
		{3427D2C5-A6A7-4052-8895-07F74CEE117D}.Release|Any CPU.Build.0 = Release|Any CPU
		{BDA9FFEF-37C5-482D-B4A1-9E43074364D2}.Debug|Any CPU.ActiveCfg = Debug|Any CPU
		{BDA9FFEF-37C5-482D-B4A1-9E43074364D2}.Debug|Any CPU.Build.0 = Debug|Any CPU
		{BDA9FFEF-37C5-482D-B4A1-9E43074364D2}.Release|Any CPU.ActiveCfg = Release|Any CPU
		{BDA9FFEF-37C5-482D-B4A1-9E43074364D2}.Release|Any CPU.Build.0 = Release|Any CPU
		{98637C9B-4D15-4461-9B93-CE684D223D0F}.Debug|Any CPU.ActiveCfg = Debug|Any CPU
		{98637C9B-4D15-4461-9B93-CE684D223D0F}.Debug|Any CPU.Build.0 = Debug|Any CPU
		{98637C9B-4D15-4461-9B93-CE684D223D0F}.Release|Any CPU.ActiveCfg = Release|Any CPU
		{98637C9B-4D15-4461-9B93-CE684D223D0F}.Release|Any CPU.Build.0 = Release|Any CPU
	EndGlobalSection
	GlobalSection(SolutionProperties) = preSolution
		HideSolutionNode = FALSE
	EndGlobalSection
	GlobalSection(ExtensibilityGlobals) = postSolution
		SolutionGuid = {65A27B40-3553-435A-8C23-0B0EB4D00900}
	EndGlobalSection
EndGlobal
